
Microsoft Visual Studio Solution File, Format Version 12.00
Project("{FAE04EC0-301F-11D3-BF4B-00C04F79EFBC}") = "Tinkerforge.Worker", "Tinkerforge.Worker\Tinkerforge.Worker.csproj", "{971F323E-B61D-4961-8030-5F9506177D1F}"
EndProject
Project("{FAE04EC0-301F-11D3-BF4B-00C04F79EFBC}") = "Tinkerforge.Worker.Tests", "Tinkerforge.Worker.Tests\Tinkerforge.Worker.Tests.csproj", "{BBEF93DE-8DF0-4E86-A708-2217367CB782}"
EndProject
Global
	GlobalSection(SolutionConfigurationPlatforms) = preSolution
		Debug|Any CPU = Debug|Any CPU
		Release|Any CPU = Release|Any CPU
	EndGlobalSection
	GlobalSection(ProjectConfigurationPlatforms) = postSolution
		{971F323E-B61D-4961-8030-5F9506177D1F}.Debug|Any CPU.ActiveCfg = Debug|Any CPU
		{971F323E-B61D-4961-8030-5F9506177D1F}.Debug|Any CPU.Build.0 = Debug|Any CPU
		{971F323E-B61D-4961-8030-5F9506177D1F}.Release|Any CPU.ActiveCfg = Release|Any CPU
		{971F323E-B61D-4961-8030-5F9506177D1F}.Release|Any CPU.Build.0 = Release|Any CPU
		{BBEF93DE-8DF0-4E86-A708-2217367CB782}.Debug|Any CPU.ActiveCfg = Debug|Any CPU
		{BBEF93DE-8DF0-4E86-A708-2217367CB782}.Debug|Any CPU.Build.0 = Debug|Any CPU
		{BBEF93DE-8DF0-4E86-A708-2217367CB782}.Release|Any CPU.ActiveCfg = Release|Any CPU
		{BBEF93DE-8DF0-4E86-A708-2217367CB782}.Release|Any CPU.Build.0 = Release|Any CPU
	EndGlobalSection
EndGlobal
